// !$*UTF8*$!
{
	archiveVersion = 1;
	classes = {
	};
	objectVersion = 48;
	objects = {

/* Begin PBXBuildFile section */
		AF1727C52013C1AE00DBDF33 /* User.swift in Sources */ = {isa = PBXBuildFile; fileRef = AF1727C42013C1AE00DBDF33 /* User.swift */; };
		AF1727C72013C88A00DBDF33 /* CloudFunction.swift in Sources */ = {isa = PBXBuildFile; fileRef = AF1727C62013C88A00DBDF33 /* CloudFunction.swift */; };
		AF1C3D49202D7710006CE407 /* Collection Extension.swift in Sources */ = {isa = PBXBuildFile; fileRef = AF1C3D48202D7710006CE407 /* Collection Extension.swift */; };
		AF23269B2017144B00A9350E /* Countdown.swift in Sources */ = {isa = PBXBuildFile; fileRef = AF23269A2017144B00A9350E /* Countdown.swift */; };
		AF23269D2017155300A9350E /* Countdown Tests.swift in Sources */ = {isa = PBXBuildFile; fileRef = AF23269C201714FA00A9350E /* Countdown Tests.swift */; };
		AF27DEC520096D680062F0F1 /* ParseAPI.swift in Sources */ = {isa = PBXBuildFile; fileRef = AF27DEC420096D680062F0F1 /* ParseAPI.swift */; };
		AF27DEC720096E440062F0F1 /* Multithreading.swift in Sources */ = {isa = PBXBuildFile; fileRef = AF27DEC620096E440062F0F1 /* Multithreading.swift */; };
		AF27DECA200970400062F0F1 /* APIProtocol.swift in Sources */ = {isa = PBXBuildFile; fileRef = AF27DEC9200970400062F0F1 /* APIProtocol.swift */; };
		AF38E6B6200BD1AF006F9B02 /* Share.swift in Sources */ = {isa = PBXBuildFile; fileRef = AF38E6B5200BD1AF006F9B02 /* Share.swift */; };
		AF38E6B8200BD20A006F9B02 /* PFUser+Share.swift in Sources */ = {isa = PBXBuildFile; fileRef = AF38E6B7200BD20A006F9B02 /* PFUser+Share.swift */; };
		AF38E6BB200BD269006F9B02 /* Share Tests.swift in Sources */ = {isa = PBXBuildFile; fileRef = AF38E6BA200BD269006F9B02 /* Share Tests.swift */; };
		AF38E6BE200BD3DE006F9B02 /* LocationType.swift in Sources */ = {isa = PBXBuildFile; fileRef = AF38E6BD200BD3DE006F9B02 /* LocationType.swift */; };
		AF38E6C0200BD41B006F9B02 /* CLLocation+LocationProtocol.swift in Sources */ = {isa = PBXBuildFile; fileRef = AF38E6BF200BD41B006F9B02 /* CLLocation+LocationProtocol.swift */; };
		AF38E6C2200BD50F006F9B02 /* CLLocationCoordinate2D+LocationProtocol.swift in Sources */ = {isa = PBXBuildFile; fileRef = AF38E6C1200BD50F006F9B02 /* CLLocationCoordinate2D+LocationProtocol.swift */; };
		AF38E6C4200BD541006F9B02 /* PFGeoPoint+LocationProtocol.swift in Sources */ = {isa = PBXBuildFile; fileRef = AF38E6C3200BD541006F9B02 /* PFGeoPoint+LocationProtocol.swift */; };
		AF39D9232009BEDA003564C7 /* Session Tests.swift in Sources */ = {isa = PBXBuildFile; fileRef = AF39D9212009BEC5003564C7 /* Session Tests.swift */; };
		AF39D9262009C2F7003564C7 /* MockAPI.swift in Sources */ = {isa = PBXBuildFile; fileRef = AF39D9242009BEF6003564C7 /* MockAPI.swift */; };
		AF39D93A2009CB51003564C7 /* AudioToolbox.framework in Frameworks */ = {isa = PBXBuildFile; fileRef = AF39D92F2009C633003564C7 /* AudioToolbox.framework */; };
		AF39D93B2009CB55003564C7 /* SystemConfiguration.framework in Frameworks */ = {isa = PBXBuildFile; fileRef = AF39D92D2009C62F003564C7 /* SystemConfiguration.framework */; };
		AF39D93C2009CB5B003564C7 /* libsqlite3.tbd in Frameworks */ = {isa = PBXBuildFile; fileRef = AF39D92B2009C625003564C7 /* libsqlite3.tbd */; };
		AF39D9462009CDEC003564C7 /* Setup.swift in Sources */ = {isa = PBXBuildFile; fileRef = AF39D9442009CD1F003564C7 /* Setup.swift */; };
		AF39D9482009D00B003564C7 /* Multithreading Tests.swift in Sources */ = {isa = PBXBuildFile; fileRef = AF39D9472009D00B003564C7 /* Multithreading Tests.swift */; };
		AF39D94B2009D31B003564C7 /* PFSubclassingExtension.swift in Sources */ = {isa = PBXBuildFile; fileRef = AF39D94A2009D31B003564C7 /* PFSubclassingExtension.swift */; };
		AF39D950200A8FD5003564C7 /* PFUser+Session Tests.swift in Sources */ = {isa = PBXBuildFile; fileRef = AF39D94F200A8FD5003564C7 /* PFUser+Session Tests.swift */; };
		AF39D955200A909E003564C7 /* PFSubclassing Extension Tests.swift in Sources */ = {isa = PBXBuildFile; fileRef = AF39D954200A909E003564C7 /* PFSubclassing Extension Tests.swift */; };
		AF39D959200A9279003564C7 /* NotificationOpen.swift in Sources */ = {isa = PBXBuildFile; fileRef = AF39D958200A9279003564C7 /* NotificationOpen.swift */; };
		AF39D95C200A9597003564C7 /* PFUser+NotificationOpen.swift in Sources */ = {isa = PBXBuildFile; fileRef = AF39D95B200A9597003564C7 /* PFUser+NotificationOpen.swift */; };
		AF3DAADD20085C03001A834F /* Core.h in Headers */ = {isa = PBXBuildFile; fileRef = AF3DAACF20085C03001A834F /* Core.h */; settings = {ATTRIBUTES = (Public, ); }; };
		AF3DAAF020085D45001A834F /* Error.swift in Sources */ = {isa = PBXBuildFile; fileRef = AF3DAAEF20085D45001A834F /* Error.swift */; };
		AF3DAB0D2008634A001A834F /* Session.swift in Sources */ = {isa = PBXBuildFile; fileRef = AF3DAB0C2008634A001A834F /* Session.swift */; };
		AF3DAB0F200864D1001A834F /* PFUser+Session.swift in Sources */ = {isa = PBXBuildFile; fileRef = AF3DAB0E200864D1001A834F /* PFUser+Session.swift */; };
		AF4164DA200DAA4200613B27 /* Location Tests.swift in Sources */ = {isa = PBXBuildFile; fileRef = AF4164D8200DAA0600613B27 /* Location Tests.swift */; };
		AF4164DC200DAAD100613B27 /* CLLocationCoordinate2D+LocationProtocol Tests.swift in Sources */ = {isa = PBXBuildFile; fileRef = AF4164DB200DAAD100613B27 /* CLLocationCoordinate2D+LocationProtocol Tests.swift */; };
		AF4164DE200DACCB00613B27 /* CLLocation+LocationProtocol Tests.swift in Sources */ = {isa = PBXBuildFile; fileRef = AF4164DD200DACCB00613B27 /* CLLocation+LocationProtocol Tests.swift */; };
		AF4164E0200DAD3F00613B27 /* PFGeoPoint+LocationProtocol.swift in Sources */ = {isa = PBXBuildFile; fileRef = AF4164DF200DAD3F00613B27 /* PFGeoPoint+LocationProtocol.swift */; };
		AF4164E2200DB02B00613B27 /* PFUser+Share Tests.swift in Sources */ = {isa = PBXBuildFile; fileRef = AF4164E1200DB02B00613B27 /* PFUser+Share Tests.swift */; };
		AF46A1B4200EC20E00CA47BE /* EventCategory.swift in Sources */ = {isa = PBXBuildFile; fileRef = AF46A1B3200EC20E00CA47BE /* EventCategory.swift */; };
		AF46A1B6200EC5F900CA47BE /* GeoBox.swift in Sources */ = {isa = PBXBuildFile; fileRef = AF46A1B5200EC5F900CA47BE /* GeoBox.swift */; };
		AF46A1B8200EC8D200CA47BE /* Date Extensions.swift in Sources */ = {isa = PBXBuildFile; fileRef = AF46A1B7200EC8D200CA47BE /* Date Extensions.swift */; };
		AF46A1BC200ECB5400CA47BE /* Date Extensions Tests.swift in Sources */ = {isa = PBXBuildFile; fileRef = AF46A1BB200ECB5400CA47BE /* Date Extensions Tests.swift */; };
		AF46A1C0200ED01E00CA47BE /* EventCategory Tests.swift in Sources */ = {isa = PBXBuildFile; fileRef = AF46A1BF200ED01E00CA47BE /* EventCategory Tests.swift */; };
		AF46A1C4200ED35C00CA47BE /* testImage.jpg in Resources */ = {isa = PBXBuildFile; fileRef = AF46A1C2200ED31C00CA47BE /* testImage.jpg */; };
		AF48F8C5200AE50E00725F44 /* PFUser+NotificationOpen Tests.swift in Sources */ = {isa = PBXBuildFile; fileRef = AF48F8C3200AE50C00725F44 /* PFUser+NotificationOpen Tests.swift */; };
		AF48F8C8200AE85500725F44 /* Referral.swift in Sources */ = {isa = PBXBuildFile; fileRef = AF48F8C7200AE85500725F44 /* Referral.swift */; };
		AF48F8CA200AEB4600725F44 /* PFUser+Referral.swift in Sources */ = {isa = PBXBuildFile; fileRef = AF48F8C9200AEB4600725F44 /* PFUser+Referral.swift */; };
		AF558E91201420DD00C8573E /* User+Event.swift in Sources */ = {isa = PBXBuildFile; fileRef = AF558E90201420DD00C8573E /* User+Event.swift */; };
		AF558E9320147C5B00C8573E /* View.swift in Sources */ = {isa = PBXBuildFile; fileRef = AF558E9220147C5B00C8573E /* View.swift */; };
		AF558E9520147CCE00C8573E /* PFUser+View.swift in Sources */ = {isa = PBXBuildFile; fileRef = AF558E9420147CCE00C8573E /* PFUser+View.swift */; };
		AF5E0875201261170085F76A /* UNUserNotificationCenter+NotificationCenterType.swift in Sources */ = {isa = PBXBuildFile; fileRef = AF5E0874201261170085F76A /* UNUserNotificationCenter+NotificationCenterType.swift */; };
		AF5E087820126D070085F76A /* MockNotificationCenter.swift in Sources */ = {isa = PBXBuildFile; fileRef = AF5E087720126D070085F76A /* MockNotificationCenter.swift */; };
		AF5E087A2012A02C0085F76A /* NotificationManager Tests.swift in Sources */ = {isa = PBXBuildFile; fileRef = AF5E08792012A02C0085F76A /* NotificationManager Tests.swift */; };
		AF6A257A200C4EC500C3E503 /* Location.swift in Sources */ = {isa = PBXBuildFile; fileRef = AF6A2579200C4EC500C3E503 /* Location.swift */; };
		AF6A257C200C4F3A00C3E503 /* Event.swift in Sources */ = {isa = PBXBuildFile; fileRef = AF6A257B200C4F3A00C3E503 /* Event.swift */; };
		AF6A257F200C581700C3E503 /* EventOrigin.swift in Sources */ = {isa = PBXBuildFile; fileRef = AF6A257E200C581700C3E503 /* EventOrigin.swift */; };
		AF6A2583200C5DE100C3E503 /* CLCircularRegion+Event.swift in Sources */ = {isa = PBXBuildFile; fileRef = AF6A2582200C5DE100C3E503 /* CLCircularRegion+Event.swift */; };
		AF843F3D2015578E00869CC5 /* Visit.swift in Sources */ = {isa = PBXBuildFile; fileRef = AF843F3C2015578E00869CC5 /* Visit.swift */; };
		AF843F3F2015589900869CC5 /* PFUser+Visit.swift in Sources */ = {isa = PBXBuildFile; fileRef = AF843F3E2015589900869CC5 /* PFUser+Visit.swift */; };
		AF9C7C6B20198CE50040BF13 /* LocationManager.swift in Sources */ = {isa = PBXBuildFile; fileRef = AF9C7C6A20198CE50040BF13 /* LocationManager.swift */; };
		AF9C7C6D20198D610040BF13 /* LocationManagerType.swift in Sources */ = {isa = PBXBuildFile; fileRef = AF9C7C6C20198D610040BF13 /* LocationManagerType.swift */; };
		AF9C7C6F2019A1420040BF13 /* CLLocationManager+LocationManagerType.swift in Sources */ = {isa = PBXBuildFile; fileRef = AF9C7C6E2019A1420040BF13 /* CLLocationManager+LocationManagerType.swift */; };
		AF9C7C712019A6750040BF13 /* MockLocationManager.swift in Sources */ = {isa = PBXBuildFile; fileRef = AF9C7C702019A6750040BF13 /* MockLocationManager.swift */; };
		AF9C7C742019A9E90040BF13 /* LocationManager Tests.swift in Sources */ = {isa = PBXBuildFile; fileRef = AF9C7C732019A9E90040BF13 /* LocationManager Tests.swift */; };
		AF9EA5BB20125F4E000BAE78 /* NotificationCenterType.swift in Sources */ = {isa = PBXBuildFile; fileRef = AF9EA5BA20125F4E000BAE78 /* NotificationCenterType.swift */; };
		AF9EA5BD20126053000BAE78 /* NotificationManager.swift in Sources */ = {isa = PBXBuildFile; fileRef = AF9EA5BC20126053000BAE78 /* NotificationManager.swift */; };
		AF9F895A200D5E6F002059AB /* CompletionHandler.swift in Sources */ = {isa = PBXBuildFile; fileRef = AF9F8959200D5E6F002059AB /* CompletionHandler.swift */; };
		AFA03D492015ACBF0033A87B /* Core.swift in Sources */ = {isa = PBXBuildFile; fileRef = AFA03D482015ACBF0033A87B /* Core.swift */; };
		AFA825DB202589ED00CE29BE /* Bolts.framework in Frameworks */ = {isa = PBXBuildFile; fileRef = AFCFAC1A202564FD002BADF9 /* Bolts.framework */; };
		AFA825DC202589ED00CE29BE /* Parse.framework in Frameworks */ = {isa = PBXBuildFile; fileRef = AFCFAC19202564FD002BADF9 /* Parse.framework */; };
		AFA825F820258FA700CE29BE /* InstabugCore.framework in Frameworks */ = {isa = PBXBuildFile; fileRef = AFA825F620258FA700CE29BE /* InstabugCore.framework */; };
		AFA825F920258FA700CE29BE /* Instabug.framework in Frameworks */ = {isa = PBXBuildFile; fileRef = AFA825F720258FA700CE29BE /* Instabug.framework */; };
		AFA8261820259C1100CE29BE /* Instabug.framework in CopyFiles */ = {isa = PBXBuildFile; fileRef = AFA825F720258FA700CE29BE /* Instabug.framework */; settings = {ATTRIBUTES = (CodeSignOnCopy, RemoveHeadersOnCopy, ); }; };
		AFA8261920259C1100CE29BE /* InstabugCore.framework in CopyFiles */ = {isa = PBXBuildFile; fileRef = AFA825F620258FA700CE29BE /* InstabugCore.framework */; settings = {ATTRIBUTES = (CodeSignOnCopy, RemoveHeadersOnCopy, ); }; };
		AFA8261A20259C1100CE29BE /* Bolts.framework in CopyFiles */ = {isa = PBXBuildFile; fileRef = AFCFAC1A202564FD002BADF9 /* Bolts.framework */; settings = {ATTRIBUTES = (CodeSignOnCopy, RemoveHeadersOnCopy, ); }; };
		AFA8261B20259C1100CE29BE /* Parse.framework in CopyFiles */ = {isa = PBXBuildFile; fileRef = AFCFAC19202564FD002BADF9 /* Parse.framework */; settings = {ATTRIBUTES = (CodeSignOnCopy, RemoveHeadersOnCopy, ); }; };
		AFA8CCF720140F7900E5916F /* Portal.swift in Sources */ = {isa = PBXBuildFile; fileRef = AFA8CCF620140F7900E5916F /* Portal.swift */; };
		AFAB40692013F41B00891CDF /* UserError.swift in Sources */ = {isa = PBXBuildFile; fileRef = AFAB40682013F41B00891CDF /* UserError.swift */; };
		AFACF8CB200AC77B0091DDF5 /* NotificationOpen Tests.swift in Sources */ = {isa = PBXBuildFile; fileRef = AFACF8CA200AC77B0091DDF5 /* NotificationOpen Tests.swift */; };
		AFB4AAF2200BCFA8007EABCE /* Referral Tests.swift in Sources */ = {isa = PBXBuildFile; fileRef = AFB4AAF1200BCFA8007EABCE /* Referral Tests.swift */; };
		AFB4AAF4200BD092007EABCE /* PFUser+Referral Tests.swift in Sources */ = {isa = PBXBuildFile; fileRef = AFB4AAF3200BD092007EABCE /* PFUser+Referral Tests.swift */; };
		AFC12E522013199600F396E3 /* Report.swift in Sources */ = {isa = PBXBuildFile; fileRef = AFC12E512013199600F396E3 /* Report.swift */; };
		AFC12E54201319BB00F396E3 /* ReportReason.swift in Sources */ = {isa = PBXBuildFile; fileRef = AFC12E53201319BB00F396E3 /* ReportReason.swift */; };
		AFC12E5620131AD900F396E3 /* PFUser+Report.swift in Sources */ = {isa = PBXBuildFile; fileRef = AFC12E5520131AD900F396E3 /* PFUser+Report.swift */; };
		AFC12E5920131C6000F396E3 /* Report Tests.swift in Sources */ = {isa = PBXBuildFile; fileRef = AFC12E5820131C6000F396E3 /* Report Tests.swift */; };
		AFC12E5B20131CFF00F396E3 /* PFUser+Report Tests.swift in Sources */ = {isa = PBXBuildFile; fileRef = AFC12E5A20131CFF00F396E3 /* PFUser+Report Tests.swift */; };
		AFC32DFD201413B0003E599D /* Portal Tests.swift in Sources */ = {isa = PBXBuildFile; fileRef = AFC32DFB20141396003E599D /* Portal Tests.swift */; };
		AFD023312022AD7D00DF03C9 /* URL Extension.swift in Sources */ = {isa = PBXBuildFile; fileRef = AFD023302022AD7D00DF03C9 /* URL Extension.swift */; };
		AFDEEFE8200F05AD0053869A /* Event Tests.swift in Sources */ = {isa = PBXBuildFile; fileRef = AFDEEFE7200F05AD0053869A /* Event Tests.swift */; };
		AFDF0C5B2015915200B04C8E /* Visit Tests.swift in Sources */ = {isa = PBXBuildFile; fileRef = AFDF0C5A2015915200B04C8E /* Visit Tests.swift */; };
		AFDF0C5D2015929C00B04C8E /* PFUser+Visit Tests.swift in Sources */ = {isa = PBXBuildFile; fileRef = AFDF0C5C2015929C00B04C8E /* PFUser+Visit Tests.swift */; };
		AFDF0C5F2015931400B04C8E /* CloudFunction Tests.swift in Sources */ = {isa = PBXBuildFile; fileRef = AFDF0C5E2015931400B04C8E /* CloudFunction Tests.swift */; };
		AFDF0C622015944500B04C8E /* UserError Tests.swift in Sources */ = {isa = PBXBuildFile; fileRef = AFDF0C612015944500B04C8E /* UserError Tests.swift */; };
		AFDF0C65201594C200B04C8E /* View Tests.swift in Sources */ = {isa = PBXBuildFile; fileRef = AFDF0C64201594C200B04C8E /* View Tests.swift */; };
		AFDF0C672015958E00B04C8E /* PFUser+View Tests.swift in Sources */ = {isa = PBXBuildFile; fileRef = AFDF0C662015958E00B04C8E /* PFUser+View Tests.swift */; };
		AFDF0C6A201595F600B04C8E /* User Tests.swift in Sources */ = {isa = PBXBuildFile; fileRef = AFDF0C69201595F600B04C8E /* User Tests.swift */; };
		AFDF0C6C20159BB000B04C8E /* User+Event Tests.swift in Sources */ = {isa = PBXBuildFile; fileRef = AFDF0C6B20159BB000B04C8E /* User+Event Tests.swift */; };
		AFEC283C200DD1C5003348DF /* EventOrigin Tests.swift in Sources */ = {isa = PBXBuildFile; fileRef = AFEC283B200DD1C5003348DF /* EventOrigin Tests.swift */; };
		AFEC283E200DD296003348DF /* CLCircularRegion+Event Tests.swift in Sources */ = {isa = PBXBuildFile; fileRef = AFEC283D200DD296003348DF /* CLCircularRegion+Event Tests.swift */; };
		AFEC2840200DD8FA003348DF /* Object.swift in Sources */ = {isa = PBXBuildFile; fileRef = AFEC283F200DD8FA003348DF /* Object.swift */; };
		AFEC2843200DDC60003348DF /* Object Tests.swift in Sources */ = {isa = PBXBuildFile; fileRef = AFEC2842200DDC60003348DF /* Object Tests.swift */; };
		AFF8AD7F20118B6100CFC16B /* Like.swift in Sources */ = {isa = PBXBuildFile; fileRef = AFF8AD7E20118B6100CFC16B /* Like.swift */; };
		AFF8AD812011907800CFC16B /* PFUser+Like.swift in Sources */ = {isa = PBXBuildFile; fileRef = AFF8AD802011907800CFC16B /* PFUser+Like.swift */; };
		AFF8AD852011B0F200CFC16B /* Like Tests.swift in Sources */ = {isa = PBXBuildFile; fileRef = AFF8AD83201191D000CFC16B /* Like Tests.swift */; };
		AFF8AD872011B22800CFC16B /* PFUser+Like Tests.swift in Sources */ = {isa = PBXBuildFile; fileRef = AFF8AD862011B22800CFC16B /* PFUser+Like Tests.swift */; };
/* End PBXBuildFile section */

/* Begin PBXContainerItemProxy section */
		AFEC2838200DD137003348DF /* PBXContainerItemProxy */ = {
			isa = PBXContainerItemProxy;
			containerPortal = AF3DAAC320085C03001A834F /* Project object */;
			proxyType = 1;
			remoteGlobalIDString = AF3DAACB20085C03001A834F;
			remoteInfo = Core;
		};
/* End PBXContainerItemProxy section */

/* Begin PBXCopyFilesBuildPhase section */
		AFA8261720259C0500CE29BE /* CopyFiles */ = {
			isa = PBXCopyFilesBuildPhase;
			buildActionMask = 2147483647;
			dstPath = "";
			dstSubfolderSpec = 10;
			files = (
				AFA8261820259C1100CE29BE /* Instabug.framework in CopyFiles */,
				AFA8261920259C1100CE29BE /* InstabugCore.framework in CopyFiles */,
				AFA8261A20259C1100CE29BE /* Bolts.framework in CopyFiles */,
				AFA8261B20259C1100CE29BE /* Parse.framework in CopyFiles */,
			);
			runOnlyForDeploymentPostprocessing = 0;
		};
/* End PBXCopyFilesBuildPhase section */

/* Begin PBXFileReference section */
		AF1727C42013C1AE00DBDF33 /* User.swift */ = {isa = PBXFileReference; lastKnownFileType = sourcecode.swift; path = User.swift; sourceTree = "<group>"; };
		AF1727C62013C88A00DBDF33 /* CloudFunction.swift */ = {isa = PBXFileReference; lastKnownFileType = sourcecode.swift; path = CloudFunction.swift; sourceTree = "<group>"; };
		AF1C3D48202D7710006CE407 /* Collection Extension.swift */ = {isa = PBXFileReference; lastKnownFileType = sourcecode.swift; path = "Collection Extension.swift"; sourceTree = "<group>"; };
		AF23269A2017144B00A9350E /* Countdown.swift */ = {isa = PBXFileReference; lastKnownFileType = sourcecode.swift; path = Countdown.swift; sourceTree = "<group>"; };
		AF23269C201714FA00A9350E /* Countdown Tests.swift */ = {isa = PBXFileReference; lastKnownFileType = sourcecode.swift; path = "Countdown Tests.swift"; sourceTree = "<group>"; };
		AF27DEC420096D680062F0F1 /* ParseAPI.swift */ = {isa = PBXFileReference; lastKnownFileType = sourcecode.swift; path = ParseAPI.swift; sourceTree = "<group>"; };
		AF27DEC620096E440062F0F1 /* Multithreading.swift */ = {isa = PBXFileReference; lastKnownFileType = sourcecode.swift; path = Multithreading.swift; sourceTree = "<group>"; };
		AF27DEC9200970400062F0F1 /* APIProtocol.swift */ = {isa = PBXFileReference; lastKnownFileType = sourcecode.swift; path = APIProtocol.swift; sourceTree = "<group>"; };
		AF38E6B5200BD1AF006F9B02 /* Share.swift */ = {isa = PBXFileReference; lastKnownFileType = sourcecode.swift; path = Share.swift; sourceTree = "<group>"; };
		AF38E6B7200BD20A006F9B02 /* PFUser+Share.swift */ = {isa = PBXFileReference; lastKnownFileType = sourcecode.swift; path = "PFUser+Share.swift"; sourceTree = "<group>"; };
		AF38E6BA200BD269006F9B02 /* Share Tests.swift */ = {isa = PBXFileReference; lastKnownFileType = sourcecode.swift; path = "Share Tests.swift"; sourceTree = "<group>"; };
		AF38E6BD200BD3DE006F9B02 /* LocationType.swift */ = {isa = PBXFileReference; lastKnownFileType = sourcecode.swift; path = LocationType.swift; sourceTree = "<group>"; };
		AF38E6BF200BD41B006F9B02 /* CLLocation+LocationProtocol.swift */ = {isa = PBXFileReference; lastKnownFileType = sourcecode.swift; path = "CLLocation+LocationProtocol.swift"; sourceTree = "<group>"; };
		AF38E6C1200BD50F006F9B02 /* CLLocationCoordinate2D+LocationProtocol.swift */ = {isa = PBXFileReference; lastKnownFileType = sourcecode.swift; path = "CLLocationCoordinate2D+LocationProtocol.swift"; sourceTree = "<group>"; };
		AF38E6C3200BD541006F9B02 /* PFGeoPoint+LocationProtocol.swift */ = {isa = PBXFileReference; lastKnownFileType = sourcecode.swift; path = "PFGeoPoint+LocationProtocol.swift"; sourceTree = "<group>"; };
		AF39D9212009BEC5003564C7 /* Session Tests.swift */ = {isa = PBXFileReference; lastKnownFileType = sourcecode.swift; path = "Session Tests.swift"; sourceTree = "<group>"; };
		AF39D9242009BEF6003564C7 /* MockAPI.swift */ = {isa = PBXFileReference; lastKnownFileType = sourcecode.swift; path = MockAPI.swift; sourceTree = "<group>"; };
		AF39D92B2009C625003564C7 /* libsqlite3.tbd */ = {isa = PBXFileReference; lastKnownFileType = "sourcecode.text-based-dylib-definition"; name = libsqlite3.tbd; path = usr/lib/libsqlite3.tbd; sourceTree = SDKROOT; };
		AF39D92D2009C62F003564C7 /* SystemConfiguration.framework */ = {isa = PBXFileReference; lastKnownFileType = wrapper.framework; name = SystemConfiguration.framework; path = System/Library/Frameworks/SystemConfiguration.framework; sourceTree = SDKROOT; };
		AF39D92F2009C633003564C7 /* AudioToolbox.framework */ = {isa = PBXFileReference; lastKnownFileType = wrapper.framework; name = AudioToolbox.framework; path = System/Library/Frameworks/AudioToolbox.framework; sourceTree = SDKROOT; };
		AF39D9442009CD1F003564C7 /* Setup.swift */ = {isa = PBXFileReference; lastKnownFileType = sourcecode.swift; path = Setup.swift; sourceTree = "<group>"; };
		AF39D9472009D00B003564C7 /* Multithreading Tests.swift */ = {isa = PBXFileReference; lastKnownFileType = sourcecode.swift; path = "Multithreading Tests.swift"; sourceTree = "<group>"; };
		AF39D94A2009D31B003564C7 /* PFSubclassingExtension.swift */ = {isa = PBXFileReference; lastKnownFileType = sourcecode.swift; path = PFSubclassingExtension.swift; sourceTree = "<group>"; };
		AF39D94F200A8FD5003564C7 /* PFUser+Session Tests.swift */ = {isa = PBXFileReference; lastKnownFileType = sourcecode.swift; path = "PFUser+Session Tests.swift"; sourceTree = "<group>"; };
		AF39D954200A909E003564C7 /* PFSubclassing Extension Tests.swift */ = {isa = PBXFileReference; lastKnownFileType = sourcecode.swift; path = "PFSubclassing Extension Tests.swift"; sourceTree = "<group>"; };
		AF39D958200A9279003564C7 /* NotificationOpen.swift */ = {isa = PBXFileReference; lastKnownFileType = sourcecode.swift; path = NotificationOpen.swift; sourceTree = "<group>"; };
		AF39D95B200A9597003564C7 /* PFUser+NotificationOpen.swift */ = {isa = PBXFileReference; lastKnownFileType = sourcecode.swift; path = "PFUser+NotificationOpen.swift"; sourceTree = "<group>"; };
		AF3DAACC20085C03001A834F /* Core.framework */ = {isa = PBXFileReference; explicitFileType = wrapper.framework; includeInIndex = 0; path = Core.framework; sourceTree = BUILT_PRODUCTS_DIR; };
		AF3DAACF20085C03001A834F /* Core.h */ = {isa = PBXFileReference; lastKnownFileType = sourcecode.c.h; path = Core.h; sourceTree = "<group>"; };
		AF3DAAD020085C03001A834F /* Info.plist */ = {isa = PBXFileReference; lastKnownFileType = text.plist.xml; path = Info.plist; sourceTree = "<group>"; };
		AF3DAAD520085C03001A834F /* CoreTests.xctest */ = {isa = PBXFileReference; explicitFileType = wrapper.cfbundle; includeInIndex = 0; path = CoreTests.xctest; sourceTree = BUILT_PRODUCTS_DIR; };
		AF3DAADC20085C03001A834F /* Info.plist */ = {isa = PBXFileReference; lastKnownFileType = text.plist.xml; path = Info.plist; sourceTree = "<group>"; };
		AF3DAAEF20085D45001A834F /* Error.swift */ = {isa = PBXFileReference; lastKnownFileType = sourcecode.swift; path = Error.swift; sourceTree = "<group>"; };
		AF3DAB0C2008634A001A834F /* Session.swift */ = {isa = PBXFileReference; lastKnownFileType = sourcecode.swift; path = Session.swift; sourceTree = "<group>"; };
		AF3DAB0E200864D1001A834F /* PFUser+Session.swift */ = {isa = PBXFileReference; lastKnownFileType = sourcecode.swift; path = "PFUser+Session.swift"; sourceTree = "<group>"; };
		AF4164D8200DAA0600613B27 /* Location Tests.swift */ = {isa = PBXFileReference; lastKnownFileType = sourcecode.swift; path = "Location Tests.swift"; sourceTree = "<group>"; };
		AF4164DB200DAAD100613B27 /* CLLocationCoordinate2D+LocationProtocol Tests.swift */ = {isa = PBXFileReference; lastKnownFileType = sourcecode.swift; path = "CLLocationCoordinate2D+LocationProtocol Tests.swift"; sourceTree = "<group>"; };
		AF4164DD200DACCB00613B27 /* CLLocation+LocationProtocol Tests.swift */ = {isa = PBXFileReference; lastKnownFileType = sourcecode.swift; path = "CLLocation+LocationProtocol Tests.swift"; sourceTree = "<group>"; };
		AF4164DF200DAD3F00613B27 /* PFGeoPoint+LocationProtocol.swift */ = {isa = PBXFileReference; lastKnownFileType = sourcecode.swift; path = "PFGeoPoint+LocationProtocol.swift"; sourceTree = "<group>"; };
		AF4164E1200DB02B00613B27 /* PFUser+Share Tests.swift */ = {isa = PBXFileReference; lastKnownFileType = sourcecode.swift; path = "PFUser+Share Tests.swift"; sourceTree = "<group>"; };
		AF46A1B3200EC20E00CA47BE /* EventCategory.swift */ = {isa = PBXFileReference; lastKnownFileType = sourcecode.swift; path = EventCategory.swift; sourceTree = "<group>"; };
		AF46A1B5200EC5F900CA47BE /* GeoBox.swift */ = {isa = PBXFileReference; lastKnownFileType = sourcecode.swift; path = GeoBox.swift; sourceTree = "<group>"; };
		AF46A1B7200EC8D200CA47BE /* Date Extensions.swift */ = {isa = PBXFileReference; lastKnownFileType = sourcecode.swift; path = "Date Extensions.swift"; sourceTree = "<group>"; };
		AF46A1BB200ECB5400CA47BE /* Date Extensions Tests.swift */ = {isa = PBXFileReference; lastKnownFileType = sourcecode.swift; path = "Date Extensions Tests.swift"; sourceTree = "<group>"; };
		AF46A1BF200ED01E00CA47BE /* EventCategory Tests.swift */ = {isa = PBXFileReference; lastKnownFileType = sourcecode.swift; path = "EventCategory Tests.swift"; sourceTree = "<group>"; };
		AF46A1C2200ED31C00CA47BE /* testImage.jpg */ = {isa = PBXFileReference; lastKnownFileType = image.jpeg; path = testImage.jpg; sourceTree = "<group>"; };
		AF48F8C3200AE50C00725F44 /* PFUser+NotificationOpen Tests.swift */ = {isa = PBXFileReference; lastKnownFileType = sourcecode.swift; path = "PFUser+NotificationOpen Tests.swift"; sourceTree = "<group>"; };
		AF48F8C7200AE85500725F44 /* Referral.swift */ = {isa = PBXFileReference; lastKnownFileType = sourcecode.swift; path = Referral.swift; sourceTree = "<group>"; };
		AF48F8C9200AEB4600725F44 /* PFUser+Referral.swift */ = {isa = PBXFileReference; lastKnownFileType = sourcecode.swift; path = "PFUser+Referral.swift"; sourceTree = "<group>"; };
		AF558E90201420DD00C8573E /* User+Event.swift */ = {isa = PBXFileReference; lastKnownFileType = sourcecode.swift; path = "User+Event.swift"; sourceTree = "<group>"; };
		AF558E9220147C5B00C8573E /* View.swift */ = {isa = PBXFileReference; lastKnownFileType = sourcecode.swift; path = View.swift; sourceTree = "<group>"; };
		AF558E9420147CCE00C8573E /* PFUser+View.swift */ = {isa = PBXFileReference; lastKnownFileType = sourcecode.swift; path = "PFUser+View.swift"; sourceTree = "<group>"; };
		AF5E0874201261170085F76A /* UNUserNotificationCenter+NotificationCenterType.swift */ = {isa = PBXFileReference; lastKnownFileType = sourcecode.swift; path = "UNUserNotificationCenter+NotificationCenterType.swift"; sourceTree = "<group>"; };
		AF5E087720126D070085F76A /* MockNotificationCenter.swift */ = {isa = PBXFileReference; lastKnownFileType = sourcecode.swift; path = MockNotificationCenter.swift; sourceTree = "<group>"; };
		AF5E08792012A02C0085F76A /* NotificationManager Tests.swift */ = {isa = PBXFileReference; lastKnownFileType = sourcecode.swift; path = "NotificationManager Tests.swift"; sourceTree = "<group>"; };
		AF6A2579200C4EC500C3E503 /* Location.swift */ = {isa = PBXFileReference; lastKnownFileType = sourcecode.swift; path = Location.swift; sourceTree = "<group>"; };
		AF6A257B200C4F3A00C3E503 /* Event.swift */ = {isa = PBXFileReference; lastKnownFileType = sourcecode.swift; path = Event.swift; sourceTree = "<group>"; };
		AF6A257E200C581700C3E503 /* EventOrigin.swift */ = {isa = PBXFileReference; lastKnownFileType = sourcecode.swift; path = EventOrigin.swift; sourceTree = "<group>"; };
		AF6A2582200C5DE100C3E503 /* CLCircularRegion+Event.swift */ = {isa = PBXFileReference; lastKnownFileType = sourcecode.swift; path = "CLCircularRegion+Event.swift"; sourceTree = "<group>"; };
		AF843F3C2015578E00869CC5 /* Visit.swift */ = {isa = PBXFileReference; lastKnownFileType = sourcecode.swift; path = Visit.swift; sourceTree = "<group>"; };
		AF843F3E2015589900869CC5 /* PFUser+Visit.swift */ = {isa = PBXFileReference; lastKnownFileType = sourcecode.swift; path = "PFUser+Visit.swift"; sourceTree = "<group>"; };
		AF9C7C6A20198CE50040BF13 /* LocationManager.swift */ = {isa = PBXFileReference; lastKnownFileType = sourcecode.swift; path = LocationManager.swift; sourceTree = "<group>"; };
		AF9C7C6C20198D610040BF13 /* LocationManagerType.swift */ = {isa = PBXFileReference; lastKnownFileType = sourcecode.swift; path = LocationManagerType.swift; sourceTree = "<group>"; };
		AF9C7C6E2019A1420040BF13 /* CLLocationManager+LocationManagerType.swift */ = {isa = PBXFileReference; lastKnownFileType = sourcecode.swift; path = "CLLocationManager+LocationManagerType.swift"; sourceTree = "<group>"; };
		AF9C7C702019A6750040BF13 /* MockLocationManager.swift */ = {isa = PBXFileReference; lastKnownFileType = sourcecode.swift; path = MockLocationManager.swift; sourceTree = "<group>"; };
		AF9C7C732019A9E90040BF13 /* LocationManager Tests.swift */ = {isa = PBXFileReference; lastKnownFileType = sourcecode.swift; path = "LocationManager Tests.swift"; sourceTree = "<group>"; };
		AF9EA5BA20125F4E000BAE78 /* NotificationCenterType.swift */ = {isa = PBXFileReference; fileEncoding = 4; lastKnownFileType = sourcecode.swift; path = NotificationCenterType.swift; sourceTree = "<group>"; };
		AF9EA5BC20126053000BAE78 /* NotificationManager.swift */ = {isa = PBXFileReference; lastKnownFileType = sourcecode.swift; path = NotificationManager.swift; sourceTree = "<group>"; };
		AF9F8959200D5E6F002059AB /* CompletionHandler.swift */ = {isa = PBXFileReference; lastKnownFileType = sourcecode.swift; path = CompletionHandler.swift; sourceTree = "<group>"; };
		AFA03D482015ACBF0033A87B /* Core.swift */ = {isa = PBXFileReference; lastKnownFileType = sourcecode.swift; path = Core.swift; sourceTree = "<group>"; };
		AFA825F620258FA700CE29BE /* InstabugCore.framework */ = {isa = PBXFileReference; lastKnownFileType = wrapper.framework; path = InstabugCore.framework; sourceTree = "<group>"; };
		AFA825F720258FA700CE29BE /* Instabug.framework */ = {isa = PBXFileReference; lastKnownFileType = wrapper.framework; path = Instabug.framework; sourceTree = "<group>"; };
		AFA8CCF620140F7900E5916F /* Portal.swift */ = {isa = PBXFileReference; lastKnownFileType = sourcecode.swift; path = Portal.swift; sourceTree = "<group>"; };
		AFAB40682013F41B00891CDF /* UserError.swift */ = {isa = PBXFileReference; lastKnownFileType = sourcecode.swift; path = UserError.swift; sourceTree = "<group>"; };
		AFACF8CA200AC77B0091DDF5 /* NotificationOpen Tests.swift */ = {isa = PBXFileReference; lastKnownFileType = sourcecode.swift; path = "NotificationOpen Tests.swift"; sourceTree = "<group>"; };
		AFB4AAF1200BCFA8007EABCE /* Referral Tests.swift */ = {isa = PBXFileReference; lastKnownFileType = sourcecode.swift; path = "Referral Tests.swift"; sourceTree = "<group>"; };
		AFB4AAF3200BD092007EABCE /* PFUser+Referral Tests.swift */ = {isa = PBXFileReference; lastKnownFileType = sourcecode.swift; path = "PFUser+Referral Tests.swift"; sourceTree = "<group>"; };
		AFC12E512013199600F396E3 /* Report.swift */ = {isa = PBXFileReference; lastKnownFileType = sourcecode.swift; path = Report.swift; sourceTree = "<group>"; };
		AFC12E53201319BB00F396E3 /* ReportReason.swift */ = {isa = PBXFileReference; lastKnownFileType = sourcecode.swift; path = ReportReason.swift; sourceTree = "<group>"; };
		AFC12E5520131AD900F396E3 /* PFUser+Report.swift */ = {isa = PBXFileReference; lastKnownFileType = sourcecode.swift; path = "PFUser+Report.swift"; sourceTree = "<group>"; };
		AFC12E5820131C6000F396E3 /* Report Tests.swift */ = {isa = PBXFileReference; lastKnownFileType = sourcecode.swift; path = "Report Tests.swift"; sourceTree = "<group>"; };
		AFC12E5A20131CFF00F396E3 /* PFUser+Report Tests.swift */ = {isa = PBXFileReference; lastKnownFileType = sourcecode.swift; path = "PFUser+Report Tests.swift"; sourceTree = "<group>"; };
		AFC32DFB20141396003E599D /* Portal Tests.swift */ = {isa = PBXFileReference; lastKnownFileType = sourcecode.swift; path = "Portal Tests.swift"; sourceTree = "<group>"; };
		AFCFAC19202564FD002BADF9 /* Parse.framework */ = {isa = PBXFileReference; lastKnownFileType = wrapper.framework; path = Parse.framework; sourceTree = "<group>"; };
		AFCFAC1A202564FD002BADF9 /* Bolts.framework */ = {isa = PBXFileReference; lastKnownFileType = wrapper.framework; path = Bolts.framework; sourceTree = "<group>"; };
		AFD023302022AD7D00DF03C9 /* URL Extension.swift */ = {isa = PBXFileReference; lastKnownFileType = sourcecode.swift; path = "URL Extension.swift"; sourceTree = "<group>"; };
		AFDEEFE7200F05AD0053869A /* Event Tests.swift */ = {isa = PBXFileReference; lastKnownFileType = sourcecode.swift; path = "Event Tests.swift"; sourceTree = "<group>"; };
		AFDF0C5A2015915200B04C8E /* Visit Tests.swift */ = {isa = PBXFileReference; lastKnownFileType = sourcecode.swift; path = "Visit Tests.swift"; sourceTree = "<group>"; };
		AFDF0C5C2015929C00B04C8E /* PFUser+Visit Tests.swift */ = {isa = PBXFileReference; lastKnownFileType = sourcecode.swift; path = "PFUser+Visit Tests.swift"; sourceTree = "<group>"; };
		AFDF0C5E2015931400B04C8E /* CloudFunction Tests.swift */ = {isa = PBXFileReference; lastKnownFileType = sourcecode.swift; path = "CloudFunction Tests.swift"; sourceTree = "<group>"; };
		AFDF0C612015944500B04C8E /* UserError Tests.swift */ = {isa = PBXFileReference; lastKnownFileType = sourcecode.swift; path = "UserError Tests.swift"; sourceTree = "<group>"; };
		AFDF0C64201594C200B04C8E /* View Tests.swift */ = {isa = PBXFileReference; lastKnownFileType = sourcecode.swift; path = "View Tests.swift"; sourceTree = "<group>"; };
		AFDF0C662015958E00B04C8E /* PFUser+View Tests.swift */ = {isa = PBXFileReference; lastKnownFileType = sourcecode.swift; path = "PFUser+View Tests.swift"; sourceTree = "<group>"; };
		AFDF0C69201595F600B04C8E /* User Tests.swift */ = {isa = PBXFileReference; lastKnownFileType = sourcecode.swift; path = "User Tests.swift"; sourceTree = "<group>"; };
		AFDF0C6B20159BB000B04C8E /* User+Event Tests.swift */ = {isa = PBXFileReference; lastKnownFileType = sourcecode.swift; path = "User+Event Tests.swift"; sourceTree = "<group>"; };
		AFEC283B200DD1C5003348DF /* EventOrigin Tests.swift */ = {isa = PBXFileReference; lastKnownFileType = sourcecode.swift; path = "EventOrigin Tests.swift"; sourceTree = "<group>"; };
		AFEC283D200DD296003348DF /* CLCircularRegion+Event Tests.swift */ = {isa = PBXFileReference; lastKnownFileType = sourcecode.swift; path = "CLCircularRegion+Event Tests.swift"; sourceTree = "<group>"; };
		AFEC283F200DD8FA003348DF /* Object.swift */ = {isa = PBXFileReference; lastKnownFileType = sourcecode.swift; path = Object.swift; sourceTree = "<group>"; };
		AFEC2842200DDC60003348DF /* Object Tests.swift */ = {isa = PBXFileReference; lastKnownFileType = sourcecode.swift; path = "Object Tests.swift"; sourceTree = "<group>"; };
		AFF8AD7E20118B6100CFC16B /* Like.swift */ = {isa = PBXFileReference; lastKnownFileType = sourcecode.swift; path = Like.swift; sourceTree = "<group>"; };
		AFF8AD802011907800CFC16B /* PFUser+Like.swift */ = {isa = PBXFileReference; lastKnownFileType = sourcecode.swift; path = "PFUser+Like.swift"; sourceTree = "<group>"; };
		AFF8AD83201191D000CFC16B /* Like Tests.swift */ = {isa = PBXFileReference; lastKnownFileType = sourcecode.swift; path = "Like Tests.swift"; sourceTree = "<group>"; };
		AFF8AD862011B22800CFC16B /* PFUser+Like Tests.swift */ = {isa = PBXFileReference; lastKnownFileType = sourcecode.swift; path = "PFUser+Like Tests.swift"; sourceTree = "<group>"; };
/* End PBXFileReference section */

/* Begin PBXFrameworksBuildPhase section */
		AF3DAAC820085C03001A834F /* Frameworks */ = {
			isa = PBXFrameworksBuildPhase;
			buildActionMask = 2147483647;
			files = (
				AFA825F820258FA700CE29BE /* InstabugCore.framework in Frameworks */,
				AFA825F920258FA700CE29BE /* Instabug.framework in Frameworks */,
				AFA825DB202589ED00CE29BE /* Bolts.framework in Frameworks */,
				AFA825DC202589ED00CE29BE /* Parse.framework in Frameworks */,
				AF39D93B2009CB55003564C7 /* SystemConfiguration.framework in Frameworks */,
				AF39D93C2009CB5B003564C7 /* libsqlite3.tbd in Frameworks */,
				AF39D93A2009CB51003564C7 /* AudioToolbox.framework in Frameworks */,
			);
			runOnlyForDeploymentPostprocessing = 0;
		};
/* End PBXFrameworksBuildPhase section */

/* Begin PBXGroup section */
		AF1727C32013C19600DBDF33 /* User */ = {
			isa = PBXGroup;
			children = (
				AF1727C42013C1AE00DBDF33 /* User.swift */,
				AFAB40682013F41B00891CDF /* UserError.swift */,
			);
			path = User;
			sourceTree = "<group>";
		};
		AF27DEC8200970350062F0F1 /* API */ = {
			isa = PBXGroup;
			children = (
				AF27DEC9200970400062F0F1 /* APIProtocol.swift */,
				AF27DEC420096D680062F0F1 /* ParseAPI.swift */,
			);
			path = API;
			sourceTree = "<group>";
		};
		AF38E6B4200BD197006F9B02 /* Share */ = {
			isa = PBXGroup;
			children = (
				AF38E6B7200BD20A006F9B02 /* PFUser+Share.swift */,
				AF38E6B5200BD1AF006F9B02 /* Share.swift */,
			);
			path = Share;
			sourceTree = "<group>";
		};
		AF38E6B9200BD25A006F9B02 /* Share */ = {
			isa = PBXGroup;
			children = (
				AF4164E1200DB02B00613B27 /* PFUser+Share Tests.swift */,
				AF38E6BA200BD269006F9B02 /* Share Tests.swift */,
			);
			path = Share;
			sourceTree = "<group>";
		};
		AF38E6BC200BD3D2006F9B02 /* LocationType */ = {
			isa = PBXGroup;
			children = (
				AF38E6BF200BD41B006F9B02 /* CLLocation+LocationProtocol.swift */,
				AF38E6C1200BD50F006F9B02 /* CLLocationCoordinate2D+LocationProtocol.swift */,
				AF6A2579200C4EC500C3E503 /* Location.swift */,
				AF38E6BD200BD3DE006F9B02 /* LocationType.swift */,
				AF38E6C3200BD541006F9B02 /* PFGeoPoint+LocationProtocol.swift */,
			);
			path = LocationType;
			sourceTree = "<group>";
		};
		AF39D92A2009C625003564C7 /* Frameworks */ = {
			isa = PBXGroup;
			children = (
				AFA825F720258FA700CE29BE /* Instabug.framework */,
				AFA825F620258FA700CE29BE /* InstabugCore.framework */,
				AFCFAC1A202564FD002BADF9 /* Bolts.framework */,
				AFCFAC19202564FD002BADF9 /* Parse.framework */,
				AF39D92F2009C633003564C7 /* AudioToolbox.framework */,
				AF39D92D2009C62F003564C7 /* SystemConfiguration.framework */,
				AF39D92B2009C625003564C7 /* libsqlite3.tbd */,
			);
			name = Frameworks;
			path = ../Frameworks;
			sourceTree = "<group>";
		};
		AF39D9492009D2FA003564C7 /* Parse Extensions */ = {
			isa = PBXGroup;
			children = (
				AF1727C62013C88A00DBDF33 /* CloudFunction.swift */,
				AF39D94A2009D31B003564C7 /* PFSubclassingExtension.swift */,
			);
			path = "Parse Extensions";
			sourceTree = "<group>";
		};
		AF39D94E200A8FC4003564C7 /* Session */ = {
			isa = PBXGroup;
			children = (
				AF39D94F200A8FD5003564C7 /* PFUser+Session Tests.swift */,
				AF39D9212009BEC5003564C7 /* Session Tests.swift */,
			);
			path = Session;
			sourceTree = "<group>";
		};
		AF39D951200A9050003564C7 /* Parse Extensions */ = {
			isa = PBXGroup;
			children = (
				AFDF0C5E2015931400B04C8E /* CloudFunction Tests.swift */,
				AF39D954200A909E003564C7 /* PFSubclassing Extension Tests.swift */,
			);
			path = "Parse Extensions";
			sourceTree = "<group>";
		};
		AF39D95A200A957F003564C7 /* NotificationOpen */ = {
			isa = PBXGroup;
			children = (
				AF39D958200A9279003564C7 /* NotificationOpen.swift */,
				AF39D95B200A9597003564C7 /* PFUser+NotificationOpen.swift */,
			);
			path = NotificationOpen;
			sourceTree = "<group>";
		};
		AF3DAAC220085C03001A834F = {
			isa = PBXGroup;
			children = (
				AF3DAAE620085C32001A834F /* Sources */,
				AF3DAAD920085C03001A834F /* Tests */,
				AF3DAACE20085C03001A834F /* Config */,
				AF3DAACD20085C03001A834F /* Products */,
				AF39D92A2009C625003564C7 /* Frameworks */,
			);
			sourceTree = "<group>";
		};
		AF3DAACD20085C03001A834F /* Products */ = {
			isa = PBXGroup;
			children = (
				AF3DAACC20085C03001A834F /* Core.framework */,
				AF3DAAD520085C03001A834F /* CoreTests.xctest */,
			);
			name = Products;
			sourceTree = "<group>";
		};
		AF3DAACE20085C03001A834F /* Config */ = {
			isa = PBXGroup;
			children = (
				AF3DAACF20085C03001A834F /* Core.h */,
				AF3DAAD020085C03001A834F /* Info.plist */,
			);
			path = Config;
			sourceTree = "<group>";
		};
		AF3DAAD920085C03001A834F /* Tests */ = {
			isa = PBXGroup;
			children = (
				AF39D9242009BEF6003564C7 /* MockAPI.swift */,
				AF9C7C702019A6750040BF13 /* MockLocationManager.swift */,
				AF5E087720126D070085F76A /* MockNotificationCenter.swift */,
				AF39D9442009CD1F003564C7 /* Setup.swift */,
				AF46A1C1200ED2F000CA47BE /* Resources */,
				AFEC2841200DDC4D003348DF /* Convenience */,
				AFF8AD82201191BE00CFC16B /* Like */,
				AF9C7C722019A9D90040BF13 /* LocationManager */,
				AFEC283A200DD1AC003348DF /* Event */,
				AFACF8C9200AC76C0091DDF5 /* NotificationOpen */,
				AF5E087620126CF40085F76A /* NotificationManager */,
				AF39D951200A9050003564C7 /* Parse Extensions */,
				AFB4AAF0200BCF97007EABCE /* Referral */,
				AFC12E5720131C5100F396E3 /* Report */,
				AF39D94E200A8FC4003564C7 /* Session */,
				AF38E6B9200BD25A006F9B02 /* Share */,
				AFDF0C602015943300B04C8E /* User */,
				AFDF0C63201594AD00B04C8E /* View */,
				AFDF0C592015914100B04C8E /* Visit */,
				AF3DAADC20085C03001A834F /* Info.plist */,
			);
			path = Tests;
			sourceTree = "<group>";
		};
		AF3DAAE620085C32001A834F /* Sources */ = {
			isa = PBXGroup;
			children = (
				AFA03D482015ACBF0033A87B /* Core.swift */,
				AF27DEC8200970350062F0F1 /* API */,
				AF9F8958200D4EEF002059AB /* Convenience */,
				AF6A257D200C580A00C3E503 /* Event */,
				AFF8AD7D20118B4F00CFC16B /* Like */,
				AF9C7C6920198CD50040BF13 /* LocationManager */,
				AFF8AD8B2011B61100CFC16B /* NotificationManager */,
				AF39D95A200A957F003564C7 /* NotificationOpen */,
				AF39D9492009D2FA003564C7 /* Parse Extensions */,
				AF48F8C6200AE84400725F44 /* Referral */,
				AFC12E502013198700F396E3 /* Report */,
				AF3DAB0B2008633F001A834F /* Session */,
				AF38E6B4200BD197006F9B02 /* Share */,
				AF1727C32013C19600DBDF33 /* User */,
				AF558E9620147D2400C8573E /* View */,
				AF843F3B2015577900869CC5 /* Visit */,
			);
			path = Sources;
			sourceTree = "<group>";
		};
		AF3DAB0B2008633F001A834F /* Session */ = {
			isa = PBXGroup;
			children = (
				AF3DAB0E200864D1001A834F /* PFUser+Session.swift */,
				AF3DAB0C2008634A001A834F /* Session.swift */,
			);
			path = Session;
			sourceTree = "<group>";
		};
		AF4164D7200DA9F600613B27 /* LocationProtocol */ = {
			isa = PBXGroup;
			children = (
				AF4164DD200DACCB00613B27 /* CLLocation+LocationProtocol Tests.swift */,
				AF4164DB200DAAD100613B27 /* CLLocationCoordinate2D+LocationProtocol Tests.swift */,
				AF4164D8200DAA0600613B27 /* Location Tests.swift */,
				AF4164DF200DAD3F00613B27 /* PFGeoPoint+LocationProtocol.swift */,
			);
			path = LocationProtocol;
			sourceTree = "<group>";
		};
		AF46A1C1200ED2F000CA47BE /* Resources */ = {
			isa = PBXGroup;
			children = (
				AF46A1C2200ED31C00CA47BE /* testImage.jpg */,
			);
			path = Resources;
			sourceTree = "<group>";
		};
		AF48F8C6200AE84400725F44 /* Referral */ = {
			isa = PBXGroup;
			children = (
				AF48F8C9200AEB4600725F44 /* PFUser+Referral.swift */,
				AF48F8C7200AE85500725F44 /* Referral.swift */,
			);
			path = Referral;
			sourceTree = "<group>";
		};
		AF558E9620147D2400C8573E /* View */ = {
			isa = PBXGroup;
			children = (
				AF558E9420147CCE00C8573E /* PFUser+View.swift */,
				AF558E9220147C5B00C8573E /* View.swift */,
			);
			path = View;
			sourceTree = "<group>";
		};
		AF5E087620126CF40085F76A /* NotificationManager */ = {
			isa = PBXGroup;
			children = (
				AF5E08792012A02C0085F76A /* NotificationManager Tests.swift */,
			);
			path = NotificationManager;
			sourceTree = "<group>";
		};
		AF6A257D200C580A00C3E503 /* Event */ = {
			isa = PBXGroup;
			children = (
				AF6A2582200C5DE100C3E503 /* CLCircularRegion+Event.swift */,
				AF6A257B200C4F3A00C3E503 /* Event.swift */,
				AF46A1B3200EC20E00CA47BE /* EventCategory.swift */,
				AF6A257E200C581700C3E503 /* EventOrigin.swift */,
				AF558E90201420DD00C8573E /* User+Event.swift */,
			);
			path = Event;
			sourceTree = "<group>";
		};
		AF843F3B2015577900869CC5 /* Visit */ = {
			isa = PBXGroup;
			children = (
				AF843F3E2015589900869CC5 /* PFUser+Visit.swift */,
				AF843F3C2015578E00869CC5 /* Visit.swift */,
			);
			path = Visit;
			sourceTree = "<group>";
		};
		AF9C7C6920198CD50040BF13 /* LocationManager */ = {
			isa = PBXGroup;
			children = (
				AF9C7C6A20198CE50040BF13 /* LocationManager.swift */,
				AF9C7C6C20198D610040BF13 /* LocationManagerType.swift */,
				AF9C7C6E2019A1420040BF13 /* CLLocationManager+LocationManagerType.swift */,
			);
			path = LocationManager;
			sourceTree = "<group>";
		};
		AF9C7C722019A9D90040BF13 /* LocationManager */ = {
			isa = PBXGroup;
			children = (
				AF9C7C732019A9E90040BF13 /* LocationManager Tests.swift */,
			);
			path = LocationManager;
			sourceTree = "<group>";
		};
		AF9F8958200D4EEF002059AB /* Convenience */ = {
			isa = PBXGroup;
			children = (
				AF1C3D48202D7710006CE407 /* Collection Extension.swift */,
				AF9F8959200D5E6F002059AB /* CompletionHandler.swift */,
				AF23269A2017144B00A9350E /* Countdown.swift */,
				AF46A1B7200EC8D200CA47BE /* Date Extensions.swift */,
				AF3DAAEF20085D45001A834F /* Error.swift */,
				AF46A1B5200EC5F900CA47BE /* GeoBox.swift */,
				AF38E6BC200BD3D2006F9B02 /* LocationType */,
				AF27DEC620096E440062F0F1 /* Multithreading.swift */,
				AFEC283F200DD8FA003348DF /* Object.swift */,
				AFA8CCF620140F7900E5916F /* Portal.swift */,
				AFD023302022AD7D00DF03C9 /* URL Extension.swift */,
			);
			path = Convenience;
			sourceTree = "<group>";
		};
		AFACF8C9200AC76C0091DDF5 /* NotificationOpen */ = {
			isa = PBXGroup;
			children = (
				AFACF8CA200AC77B0091DDF5 /* NotificationOpen Tests.swift */,
				AF48F8C3200AE50C00725F44 /* PFUser+NotificationOpen Tests.swift */,
			);
			path = NotificationOpen;
			sourceTree = "<group>";
		};
		AFB4AAF0200BCF97007EABCE /* Referral */ = {
			isa = PBXGroup;
			children = (
				AFB4AAF3200BD092007EABCE /* PFUser+Referral Tests.swift */,
				AFB4AAF1200BCFA8007EABCE /* Referral Tests.swift */,
			);
			path = Referral;
			sourceTree = "<group>";
		};
		AFC12E502013198700F396E3 /* Report */ = {
			isa = PBXGroup;
			children = (
				AFC12E5520131AD900F396E3 /* PFUser+Report.swift */,
				AFC12E512013199600F396E3 /* Report.swift */,
				AFC12E53201319BB00F396E3 /* ReportReason.swift */,
			);
			path = Report;
			sourceTree = "<group>";
		};
		AFC12E5720131C5100F396E3 /* Report */ = {
			isa = PBXGroup;
			children = (
				AFC12E5A20131CFF00F396E3 /* PFUser+Report Tests.swift */,
				AFC12E5820131C6000F396E3 /* Report Tests.swift */,
			);
			path = Report;
			sourceTree = "<group>";
		};
		AFDF0C592015914100B04C8E /* Visit */ = {
			isa = PBXGroup;
			children = (
				AFDF0C5C2015929C00B04C8E /* PFUser+Visit Tests.swift */,
				AFDF0C5A2015915200B04C8E /* Visit Tests.swift */,
			);
			path = Visit;
			sourceTree = "<group>";
		};
		AFDF0C602015943300B04C8E /* User */ = {
			isa = PBXGroup;
			children = (
				AFDF0C69201595F600B04C8E /* User Tests.swift */,
				AFDF0C612015944500B04C8E /* UserError Tests.swift */,
				AFDF0C6B20159BB000B04C8E /* User+Event Tests.swift */,
			);
			path = User;
			sourceTree = "<group>";
		};
		AFDF0C63201594AD00B04C8E /* View */ = {
			isa = PBXGroup;
			children = (
				AFDF0C662015958E00B04C8E /* PFUser+View Tests.swift */,
				AFDF0C64201594C200B04C8E /* View Tests.swift */,
			);
			path = View;
			sourceTree = "<group>";
		};
		AFEC283A200DD1AC003348DF /* Event */ = {
			isa = PBXGroup;
			children = (
				AFEC283D200DD296003348DF /* CLCircularRegion+Event Tests.swift */,
				AFDEEFE7200F05AD0053869A /* Event Tests.swift */,
				AF46A1BF200ED01E00CA47BE /* EventCategory Tests.swift */,
				AFEC283B200DD1C5003348DF /* EventOrigin Tests.swift */,
			);
			path = Event;
			sourceTree = "<group>";
		};
		AFEC2841200DDC4D003348DF /* Convenience */ = {
			isa = PBXGroup;
			children = (
				AF23269C201714FA00A9350E /* Countdown Tests.swift */,
				AF46A1BB200ECB5400CA47BE /* Date Extensions Tests.swift */,
				AF4164D7200DA9F600613B27 /* LocationProtocol */,
				AF39D9472009D00B003564C7 /* Multithreading Tests.swift */,
				AFEC2842200DDC60003348DF /* Object Tests.swift */,
				AFC32DFB20141396003E599D /* Portal Tests.swift */,
			);
			path = Convenience;
			sourceTree = "<group>";
		};
		AFF8AD7D20118B4F00CFC16B /* Like */ = {
			isa = PBXGroup;
			children = (
				AFF8AD7E20118B6100CFC16B /* Like.swift */,
				AFF8AD802011907800CFC16B /* PFUser+Like.swift */,
			);
			path = Like;
			sourceTree = "<group>";
		};
		AFF8AD82201191BE00CFC16B /* Like */ = {
			isa = PBXGroup;
			children = (
				AFF8AD83201191D000CFC16B /* Like Tests.swift */,
				AFF8AD862011B22800CFC16B /* PFUser+Like Tests.swift */,
			);
			path = Like;
			sourceTree = "<group>";
		};
		AFF8AD8B2011B61100CFC16B /* NotificationManager */ = {
			isa = PBXGroup;
			children = (
				AF9EA5BA20125F4E000BAE78 /* NotificationCenterType.swift */,
				AF9EA5BC20126053000BAE78 /* NotificationManager.swift */,
				AF5E0874201261170085F76A /* UNUserNotificationCenter+NotificationCenterType.swift */,
			);
			path = NotificationManager;
			sourceTree = "<group>";
		};
/* End PBXGroup section */

/* Begin PBXHeadersBuildPhase section */
		AF3DAAC920085C03001A834F /* Headers */ = {
			isa = PBXHeadersBuildPhase;
			buildActionMask = 2147483647;
			files = (
				AF3DAADD20085C03001A834F /* Core.h in Headers */,
			);
			runOnlyForDeploymentPostprocessing = 0;
		};
/* End PBXHeadersBuildPhase section */

/* Begin PBXNativeTarget section */
		AF3DAACB20085C03001A834F /* Core */ = {
			isa = PBXNativeTarget;
			buildConfigurationList = AF3DAAE020085C03001A834F /* Build configuration list for PBXNativeTarget "Core" */;
			buildPhases = (
				AF3DAAC720085C03001A834F /* Sources */,
				AF3DAAC820085C03001A834F /* Frameworks */,
				AF3DAAC920085C03001A834F /* Headers */,
				AF3DAB0620086224001A834F /* ShellScript */,
			);
			buildRules = (
			);
			dependencies = (
			);
			name = Core;
			productName = Core;
			productReference = AF3DAACC20085C03001A834F /* Core.framework */;
			productType = "com.apple.product-type.framework";
		};
		AF3DAAD420085C03001A834F /* CoreTests */ = {
			isa = PBXNativeTarget;
			buildConfigurationList = AF3DAAE320085C03001A834F /* Build configuration list for PBXNativeTarget "CoreTests" */;
			buildPhases = (
				AFA8261720259C0500CE29BE /* CopyFiles */,
				AF3DAAD120085C03001A834F /* Sources */,
				AF46A1C3200ED35700CA47BE /* Resources */,
			);
			buildRules = (
			);
			dependencies = (
				AFEC2839200DD137003348DF /* PBXTargetDependency */,
			);
			name = CoreTests;
			productName = CoreTests;
			productReference = AF3DAAD520085C03001A834F /* CoreTests.xctest */;
			productType = "com.apple.product-type.bundle.unit-test";
		};
/* End PBXNativeTarget section */

/* Begin PBXProject section */
		AF3DAAC320085C03001A834F /* Project object */ = {
			isa = PBXProject;
			attributes = {
				LastSwiftUpdateCheck = 0920;
				LastUpgradeCheck = 0920;
				ORGANIZATIONNAME = "Pranjal Satija";
				TargetAttributes = {
					AF3DAACB20085C03001A834F = {
						CreatedOnToolsVersion = 9.2;
						LastSwiftMigration = 0920;
						ProvisioningStyle = Automatic;
					};
					AF3DAAD420085C03001A834F = {
						CreatedOnToolsVersion = 9.2;
						ProvisioningStyle = Automatic;
					};
				};
			};
			buildConfigurationList = AF3DAAC620085C03001A834F /* Build configuration list for PBXProject "Core" */;
			compatibilityVersion = "Xcode 8.0";
			developmentRegion = en;
			hasScannedForEncodings = 0;
			knownRegions = (
				en,
			);
			mainGroup = AF3DAAC220085C03001A834F;
			productRefGroup = AF3DAACD20085C03001A834F /* Products */;
			projectDirPath = "";
			projectRoot = "";
			targets = (
				AF3DAACB20085C03001A834F /* Core */,
				AF3DAAD420085C03001A834F /* CoreTests */,
			);
		};
/* End PBXProject section */

/* Begin PBXResourcesBuildPhase section */
		AF46A1C3200ED35700CA47BE /* Resources */ = {
			isa = PBXResourcesBuildPhase;
			buildActionMask = 2147483647;
			files = (
				AF46A1C4200ED35C00CA47BE /* testImage.jpg in Resources */,
			);
			runOnlyForDeploymentPostprocessing = 0;
		};
/* End PBXResourcesBuildPhase section */

/* Begin PBXShellScriptBuildPhase section */
		AF3DAB0620086224001A834F /* ShellScript */ = {
			isa = PBXShellScriptBuildPhase;
			buildActionMask = 2147483647;
			files = (
			);
			inputPaths = (
			);
			outputPaths = (
			);
			runOnlyForDeploymentPostprocessing = 0;
			shellPath = /bin/sh;
			shellScript = "if which swiftlint >/dev/null; then\n    swiftlint\nelse\n    echo \"warning: SwiftLint not installed, download from https://github.com/realm/SwiftLint\"\nfi";
		};
/* End PBXShellScriptBuildPhase section */

/* Begin PBXSourcesBuildPhase section */
		AF3DAAC720085C03001A834F /* Sources */ = {
			isa = PBXSourcesBuildPhase;
			buildActionMask = 2147483647;
			files = (
				AFD023312022AD7D00DF03C9 /* URL Extension.swift in Sources */,
				AF9C7C6B20198CE50040BF13 /* LocationManager.swift in Sources */,
				AF38E6C0200BD41B006F9B02 /* CLLocation+LocationProtocol.swift in Sources */,
				AFC12E54201319BB00F396E3 /* ReportReason.swift in Sources */,
				AF39D95C200A9597003564C7 /* PFUser+NotificationOpen.swift in Sources */,
				AF558E9520147CCE00C8573E /* PFUser+View.swift in Sources */,
				AFAB40692013F41B00891CDF /* UserError.swift in Sources */,
				AF46A1B8200EC8D200CA47BE /* Date Extensions.swift in Sources */,
				AF6A257A200C4EC500C3E503 /* Location.swift in Sources */,
				AF39D94B2009D31B003564C7 /* PFSubclassingExtension.swift in Sources */,
				AF843F3F2015589900869CC5 /* PFUser+Visit.swift in Sources */,
				AF38E6BE200BD3DE006F9B02 /* LocationType.swift in Sources */,
				AF6A257F200C581700C3E503 /* EventOrigin.swift in Sources */,
				AF46A1B4200EC20E00CA47BE /* EventCategory.swift in Sources */,
				AF9C7C6F2019A1420040BF13 /* CLLocationManager+LocationManagerType.swift in Sources */,
				AF39D959200A9279003564C7 /* NotificationOpen.swift in Sources */,
				AF48F8C8200AE85500725F44 /* Referral.swift in Sources */,
				AFC12E522013199600F396E3 /* Report.swift in Sources */,
				AF6A2583200C5DE100C3E503 /* CLCircularRegion+Event.swift in Sources */,
				AF23269B2017144B00A9350E /* Countdown.swift in Sources */,
				AF1C3D49202D7710006CE407 /* Collection Extension.swift in Sources */,
				AF1727C72013C88A00DBDF33 /* CloudFunction.swift in Sources */,
				AFA03D492015ACBF0033A87B /* Core.swift in Sources */,
				AF27DEC720096E440062F0F1 /* Multithreading.swift in Sources */,
				AF38E6B8200BD20A006F9B02 /* PFUser+Share.swift in Sources */,
				AF3DAAF020085D45001A834F /* Error.swift in Sources */,
				AF558E9320147C5B00C8573E /* View.swift in Sources */,
				AF843F3D2015578E00869CC5 /* Visit.swift in Sources */,
				AF5E0875201261170085F76A /* UNUserNotificationCenter+NotificationCenterType.swift in Sources */,
				AFF8AD812011907800CFC16B /* PFUser+Like.swift in Sources */,
				AF48F8CA200AEB4600725F44 /* PFUser+Referral.swift in Sources */,
				AFEC2840200DD8FA003348DF /* Object.swift in Sources */,
				AF46A1B6200EC5F900CA47BE /* GeoBox.swift in Sources */,
				AF38E6C4200BD541006F9B02 /* PFGeoPoint+LocationProtocol.swift in Sources */,
				AF38E6C2200BD50F006F9B02 /* CLLocationCoordinate2D+LocationProtocol.swift in Sources */,
				AF38E6B6200BD1AF006F9B02 /* Share.swift in Sources */,
				AF9EA5BD20126053000BAE78 /* NotificationManager.swift in Sources */,
				AF9F895A200D5E6F002059AB /* CompletionHandler.swift in Sources */,
				AF9EA5BB20125F4E000BAE78 /* NotificationCenterType.swift in Sources */,
				AFF8AD7F20118B6100CFC16B /* Like.swift in Sources */,
				AF558E91201420DD00C8573E /* User+Event.swift in Sources */,
				AF27DECA200970400062F0F1 /* APIProtocol.swift in Sources */,
				AFA8CCF720140F7900E5916F /* Portal.swift in Sources */,
				AF3DAB0D2008634A001A834F /* Session.swift in Sources */,
				AF9C7C6D20198D610040BF13 /* LocationManagerType.swift in Sources */,
				AF3DAB0F200864D1001A834F /* PFUser+Session.swift in Sources */,
				AF1727C52013C1AE00DBDF33 /* User.swift in Sources */,
				AFC12E5620131AD900F396E3 /* PFUser+Report.swift in Sources */,
				AF6A257C200C4F3A00C3E503 /* Event.swift in Sources */,
				AF27DEC520096D680062F0F1 /* ParseAPI.swift in Sources */,
			);
			runOnlyForDeploymentPostprocessing = 0;
		};
		AF3DAAD120085C03001A834F /* Sources */ = {
			isa = PBXSourcesBuildPhase;
			buildActionMask = 2147483647;
			files = (
				AFDF0C65201594C200B04C8E /* View Tests.swift in Sources */,
				AFDF0C622015944500B04C8E /* UserError Tests.swift in Sources */,
				AFC12E5B20131CFF00F396E3 /* PFUser+Report Tests.swift in Sources */,
				AFC12E5920131C6000F396E3 /* Report Tests.swift in Sources */,
				AF39D9482009D00B003564C7 /* Multithreading Tests.swift in Sources */,
				AF38E6BB200BD269006F9B02 /* Share Tests.swift in Sources */,
				AFACF8CB200AC77B0091DDF5 /* NotificationOpen Tests.swift in Sources */,
				AF39D955200A909E003564C7 /* PFSubclassing Extension Tests.swift in Sources */,
				AFDEEFE8200F05AD0053869A /* Event Tests.swift in Sources */,
				AF9C7C712019A6750040BF13 /* MockLocationManager.swift in Sources */,
				AF46A1C0200ED01E00CA47BE /* EventCategory Tests.swift in Sources */,
				AFEC283E200DD296003348DF /* CLCircularRegion+Event Tests.swift in Sources */,
				AF39D950200A8FD5003564C7 /* PFUser+Session Tests.swift in Sources */,
				AFEC2843200DDC60003348DF /* Object Tests.swift in Sources */,
				AF48F8C5200AE50E00725F44 /* PFUser+NotificationOpen Tests.swift in Sources */,
				AFDF0C672015958E00B04C8E /* PFUser+View Tests.swift in Sources */,
				AF39D9262009C2F7003564C7 /* MockAPI.swift in Sources */,
				AF46A1BC200ECB5400CA47BE /* Date Extensions Tests.swift in Sources */,
				AFDF0C6A201595F600B04C8E /* User Tests.swift in Sources */,
				AF23269D2017155300A9350E /* Countdown Tests.swift in Sources */,
				AF39D9232009BEDA003564C7 /* Session Tests.swift in Sources */,
				AFC32DFD201413B0003E599D /* Portal Tests.swift in Sources */,
				AFEC283C200DD1C5003348DF /* EventOrigin Tests.swift in Sources */,
				AFF8AD872011B22800CFC16B /* PFUser+Like Tests.swift in Sources */,
				AF4164DC200DAAD100613B27 /* CLLocationCoordinate2D+LocationProtocol Tests.swift in Sources */,
				AF39D9462009CDEC003564C7 /* Setup.swift in Sources */,
				AF5E087A2012A02C0085F76A /* NotificationManager Tests.swift in Sources */,
				AF4164DA200DAA4200613B27 /* Location Tests.swift in Sources */,
				AF4164E2200DB02B00613B27 /* PFUser+Share Tests.swift in Sources */,
				AFDF0C6C20159BB000B04C8E /* User+Event Tests.swift in Sources */,
				AFF8AD852011B0F200CFC16B /* Like Tests.swift in Sources */,
				AFB4AAF2200BCFA8007EABCE /* Referral Tests.swift in Sources */,
				AFB4AAF4200BD092007EABCE /* PFUser+Referral Tests.swift in Sources */,
				AF4164E0200DAD3F00613B27 /* PFGeoPoint+LocationProtocol.swift in Sources */,
				AF9C7C742019A9E90040BF13 /* LocationManager Tests.swift in Sources */,
				AFDF0C5D2015929C00B04C8E /* PFUser+Visit Tests.swift in Sources */,
				AF4164DE200DACCB00613B27 /* CLLocation+LocationProtocol Tests.swift in Sources */,
				AF5E087820126D070085F76A /* MockNotificationCenter.swift in Sources */,
				AFDF0C5F2015931400B04C8E /* CloudFunction Tests.swift in Sources */,
				AFDF0C5B2015915200B04C8E /* Visit Tests.swift in Sources */,
			);
			runOnlyForDeploymentPostprocessing = 0;
		};
/* End PBXSourcesBuildPhase section */

/* Begin PBXTargetDependency section */
		AFEC2839200DD137003348DF /* PBXTargetDependency */ = {
			isa = PBXTargetDependency;
			target = AF3DAACB20085C03001A834F /* Core */;
			targetProxy = AFEC2838200DD137003348DF /* PBXContainerItemProxy */;
		};
/* End PBXTargetDependency section */

/* Begin XCBuildConfiguration section */
		AF3DAADE20085C03001A834F /* Debug */ = {
			isa = XCBuildConfiguration;
			buildSettings = {
				ALWAYS_SEARCH_USER_PATHS = NO;
				CLANG_ANALYZER_NONNULL = YES;
				CLANG_ANALYZER_NUMBER_OBJECT_CONVERSION = YES_AGGRESSIVE;
				CLANG_CXX_LANGUAGE_STANDARD = "gnu++14";
				CLANG_CXX_LIBRARY = "libc++";
				CLANG_ENABLE_MODULES = YES;
				CLANG_ENABLE_OBJC_ARC = YES;
				CLANG_WARN_BLOCK_CAPTURE_AUTORELEASING = YES;
				CLANG_WARN_BOOL_CONVERSION = YES;
				CLANG_WARN_COMMA = YES;
				CLANG_WARN_CONSTANT_CONVERSION = YES;
				CLANG_WARN_DIRECT_OBJC_ISA_USAGE = YES_ERROR;
				CLANG_WARN_DOCUMENTATION_COMMENTS = YES;
				CLANG_WARN_EMPTY_BODY = YES;
				CLANG_WARN_ENUM_CONVERSION = YES;
				CLANG_WARN_INFINITE_RECURSION = YES;
				CLANG_WARN_INT_CONVERSION = YES;
				CLANG_WARN_NON_LITERAL_NULL_CONVERSION = YES;
				CLANG_WARN_OBJC_LITERAL_CONVERSION = YES;
				CLANG_WARN_OBJC_ROOT_CLASS = YES_ERROR;
				CLANG_WARN_RANGE_LOOP_ANALYSIS = YES;
				CLANG_WARN_STRICT_PROTOTYPES = YES;
				CLANG_WARN_SUSPICIOUS_MOVE = YES;
				CLANG_WARN_UNGUARDED_AVAILABILITY = YES_AGGRESSIVE;
				CLANG_WARN_UNREACHABLE_CODE = YES;
				CLANG_WARN__DUPLICATE_METHOD_MATCH = YES;
				CODE_SIGN_IDENTITY = "iPhone Developer";
				COPY_PHASE_STRIP = NO;
				CURRENT_PROJECT_VERSION = 1;
				DEBUG_INFORMATION_FORMAT = dwarf;
				ENABLE_STRICT_OBJC_MSGSEND = YES;
				ENABLE_TESTABILITY = YES;
				GCC_C_LANGUAGE_STANDARD = gnu11;
				GCC_DYNAMIC_NO_PIC = NO;
				GCC_NO_COMMON_BLOCKS = YES;
				GCC_OPTIMIZATION_LEVEL = 0;
				GCC_PREPROCESSOR_DEFINITIONS = (
					"DEBUG=1",
					"$(inherited)",
				);
				GCC_WARN_64_TO_32_BIT_CONVERSION = YES;
				GCC_WARN_ABOUT_RETURN_TYPE = YES_ERROR;
				GCC_WARN_UNDECLARED_SELECTOR = YES;
				GCC_WARN_UNINITIALIZED_AUTOS = YES_AGGRESSIVE;
				GCC_WARN_UNUSED_FUNCTION = YES;
				GCC_WARN_UNUSED_VARIABLE = YES;
				IPHONEOS_DEPLOYMENT_TARGET = 10.0;
				MTL_ENABLE_DEBUG_INFO = YES;
				ONLY_ACTIVE_ARCH = YES;
				OTHER_SWIFT_FLAGS = "-Xfrontend -debug-time-function-bodies";
				SDKROOT = iphoneos;
				SWIFT_ACTIVE_COMPILATION_CONDITIONS = DEBUG;
				SWIFT_OPTIMIZATION_LEVEL = "-Onone";
				VERSIONING_SYSTEM = "apple-generic";
				VERSION_INFO_PREFIX = "";
			};
			name = Debug;
		};
		AF3DAADF20085C03001A834F /* Release */ = {
			isa = XCBuildConfiguration;
			buildSettings = {
				ALWAYS_SEARCH_USER_PATHS = NO;
				CLANG_ANALYZER_NONNULL = YES;
				CLANG_ANALYZER_NUMBER_OBJECT_CONVERSION = YES_AGGRESSIVE;
				CLANG_CXX_LANGUAGE_STANDARD = "gnu++14";
				CLANG_CXX_LIBRARY = "libc++";
				CLANG_ENABLE_MODULES = YES;
				CLANG_ENABLE_OBJC_ARC = YES;
				CLANG_WARN_BLOCK_CAPTURE_AUTORELEASING = YES;
				CLANG_WARN_BOOL_CONVERSION = YES;
				CLANG_WARN_COMMA = YES;
				CLANG_WARN_CONSTANT_CONVERSION = YES;
				CLANG_WARN_DIRECT_OBJC_ISA_USAGE = YES_ERROR;
				CLANG_WARN_DOCUMENTATION_COMMENTS = YES;
				CLANG_WARN_EMPTY_BODY = YES;
				CLANG_WARN_ENUM_CONVERSION = YES;
				CLANG_WARN_INFINITE_RECURSION = YES;
				CLANG_WARN_INT_CONVERSION = YES;
				CLANG_WARN_NON_LITERAL_NULL_CONVERSION = YES;
				CLANG_WARN_OBJC_LITERAL_CONVERSION = YES;
				CLANG_WARN_OBJC_ROOT_CLASS = YES_ERROR;
				CLANG_WARN_RANGE_LOOP_ANALYSIS = YES;
				CLANG_WARN_STRICT_PROTOTYPES = YES;
				CLANG_WARN_SUSPICIOUS_MOVE = YES;
				CLANG_WARN_UNGUARDED_AVAILABILITY = YES_AGGRESSIVE;
				CLANG_WARN_UNREACHABLE_CODE = YES;
				CLANG_WARN__DUPLICATE_METHOD_MATCH = YES;
				CODE_SIGN_IDENTITY = "iPhone Developer";
				COPY_PHASE_STRIP = NO;
				CURRENT_PROJECT_VERSION = 1;
				DEBUG_INFORMATION_FORMAT = "dwarf-with-dsym";
				ENABLE_NS_ASSERTIONS = NO;
				ENABLE_STRICT_OBJC_MSGSEND = YES;
				GCC_C_LANGUAGE_STANDARD = gnu11;
				GCC_NO_COMMON_BLOCKS = YES;
				GCC_WARN_64_TO_32_BIT_CONVERSION = YES;
				GCC_WARN_ABOUT_RETURN_TYPE = YES_ERROR;
				GCC_WARN_UNDECLARED_SELECTOR = YES;
				GCC_WARN_UNINITIALIZED_AUTOS = YES_AGGRESSIVE;
				GCC_WARN_UNUSED_FUNCTION = YES;
				GCC_WARN_UNUSED_VARIABLE = YES;
				IPHONEOS_DEPLOYMENT_TARGET = 10.0;
				MTL_ENABLE_DEBUG_INFO = NO;
				OTHER_SWIFT_FLAGS = "-Xfrontend -debug-time-function-bodies";
				SDKROOT = iphoneos;
				SWIFT_OPTIMIZATION_LEVEL = "-Owholemodule";
				VALIDATE_PRODUCT = YES;
				VERSIONING_SYSTEM = "apple-generic";
				VERSION_INFO_PREFIX = "";
			};
			name = Release;
		};
		AF3DAAE120085C03001A834F /* Debug */ = {
			isa = XCBuildConfiguration;
			buildSettings = {
				ALWAYS_EMBED_SWIFT_STANDARD_LIBRARIES = NO;
				CLANG_ENABLE_MODULES = YES;
				CODE_SIGN_IDENTITY = "";
				CODE_SIGN_STYLE = Automatic;
				DEFINES_MODULE = YES;
				DEVELOPMENT_TEAM = X872NB7KGG;
				DYLIB_COMPATIBILITY_VERSION = 1;
				DYLIB_CURRENT_VERSION = 1;
				DYLIB_INSTALL_NAME_BASE = "@rpath";
				FRAMEWORK_SEARCH_PATHS = (
					"$(inherited)",
					"../Frameworks/**",
				);
				INFOPLIST_FILE = Config/Info.plist;
				INSTALL_PATH = "$(LOCAL_LIBRARY_DIR)/Frameworks";
				IPHONEOS_DEPLOYMENT_TARGET = 10.0;
				LD_RUNPATH_SEARCH_PATHS = "$(inherited) @executable_path/Frameworks @loader_path/Frameworks";
				MACH_O_TYPE = mh_dylib;
				PRODUCT_BUNDLE_IDENTIFIER = events.mark.Core;
				PRODUCT_NAME = "$(TARGET_NAME:c99extidentifier)";
				SKIP_INSTALL = YES;
				SWIFT_OPTIMIZATION_LEVEL = "-Onone";
				SWIFT_VERSION = 4.0;
				TARGETED_DEVICE_FAMILY = "1,2";
			};
			name = Debug;
		};
		AF3DAAE220085C03001A834F /* Release */ = {
			isa = XCBuildConfiguration;
			buildSettings = {
				ALWAYS_EMBED_SWIFT_STANDARD_LIBRARIES = NO;
				CLANG_ENABLE_MODULES = YES;
				CODE_SIGN_IDENTITY = "";
				CODE_SIGN_STYLE = Automatic;
				DEFINES_MODULE = YES;
				DEVELOPMENT_TEAM = X872NB7KGG;
				DYLIB_COMPATIBILITY_VERSION = 1;
				DYLIB_CURRENT_VERSION = 1;
				DYLIB_INSTALL_NAME_BASE = "@rpath";
				FRAMEWORK_SEARCH_PATHS = (
					"$(inherited)",
					"../Frameworks/**",
				);
				INFOPLIST_FILE = Config/Info.plist;
				INSTALL_PATH = "$(LOCAL_LIBRARY_DIR)/Frameworks";
				IPHONEOS_DEPLOYMENT_TARGET = 10.0;
				LD_RUNPATH_SEARCH_PATHS = "$(inherited) @executable_path/Frameworks @loader_path/Frameworks";
				MACH_O_TYPE = mh_dylib;
				PRODUCT_BUNDLE_IDENTIFIER = events.mark.Core;
				PRODUCT_NAME = "$(TARGET_NAME:c99extidentifier)";
				SKIP_INSTALL = YES;
				SWIFT_VERSION = 4.0;
				TARGETED_DEVICE_FAMILY = "1,2";
			};
			name = Release;
		};
		AF3DAAE420085C03001A834F /* Debug */ = {
			isa = XCBuildConfiguration;
			buildSettings = {
				ALWAYS_EMBED_SWIFT_STANDARD_LIBRARIES = YES;
				CODE_SIGN_STYLE = Automatic;
				DEVELOPMENT_TEAM = X872NB7KGG;
				FRAMEWORK_SEARCH_PATHS = ../Frameworks;
				INFOPLIST_FILE = Tests/Info.plist;
				LD_RUNPATH_SEARCH_PATHS = "$(inherited) @executable_path/Frameworks @loader_path/Frameworks";
				PRODUCT_BUNDLE_IDENTIFIER = events.mark.CoreTests;
				PRODUCT_NAME = "$(TARGET_NAME)";
				SWIFT_VERSION = 4.0;
				TARGETED_DEVICE_FAMILY = "1,2";
			};
			name = Debug;
		};
		AF3DAAE520085C03001A834F /* Release */ = {
			isa = XCBuildConfiguration;
			buildSettings = {
				ALWAYS_EMBED_SWIFT_STANDARD_LIBRARIES = YES;
				CODE_SIGN_STYLE = Automatic;
				DEVELOPMENT_TEAM = X872NB7KGG;
				FRAMEWORK_SEARCH_PATHS = ../Frameworks;
				INFOPLIST_FILE = Tests/Info.plist;
				LD_RUNPATH_SEARCH_PATHS = "$(inherited) @executable_path/Frameworks @loader_path/Frameworks";
				PRODUCT_BUNDLE_IDENTIFIER = events.mark.CoreTests;
				PRODUCT_NAME = "$(TARGET_NAME)";
				SWIFT_OPTIMIZATION_LEVEL = "-Owholemodule";
				SWIFT_VERSION = 4.0;
				TARGETED_DEVICE_FAMILY = "1,2";
			};
			name = Release;
		};
/* End XCBuildConfiguration section */

/* Begin XCConfigurationList section */
		AF3DAAC620085C03001A834F /* Build configuration list for PBXProject "Core" */ = {
			isa = XCConfigurationList;
			buildConfigurations = (
				AF3DAADE20085C03001A834F /* Debug */,
				AF3DAADF20085C03001A834F /* Release */,
			);
			defaultConfigurationIsVisible = 0;
			defaultConfigurationName = Release;
		};
		AF3DAAE020085C03001A834F /* Build configuration list for PBXNativeTarget "Core" */ = {
			isa = XCConfigurationList;
			buildConfigurations = (
				AF3DAAE120085C03001A834F /* Debug */,
				AF3DAAE220085C03001A834F /* Release */,
			);
			defaultConfigurationIsVisible = 0;
			defaultConfigurationName = Release;
		};
		AF3DAAE320085C03001A834F /* Build configuration list for PBXNativeTarget "CoreTests" */ = {
			isa = XCConfigurationList;
			buildConfigurations = (
				AF3DAAE420085C03001A834F /* Debug */,
				AF3DAAE520085C03001A834F /* Release */,
			);
			defaultConfigurationIsVisible = 0;
			defaultConfigurationName = Release;
		};
/* End XCConfigurationList section */
	};
	rootObject = AF3DAAC320085C03001A834F /* Project object */;
}
